
Microsoft Visual Studio Solution File, Format Version 12.00
# Visual Studio Version 17
VisualStudioVersion = 17.2.32526.322
MinimumVisualStudioVersion = 10.0.40219.1
Project("{FAE04EC0-301F-11D3-BF4B-00C04F79EFBC}") = "HomeWorkl842", "HomeWorkl842\HomeWorkl842.csproj", "{04ED75E2-7471-4F2F-AA2D-60EA26518AE3}"
EndProject
Global
	GlobalSection(SolutionConfigurationPlatforms) = preSolution
		Debug|Any CPU = Debug|Any CPU
		Release|Any CPU = Release|Any CPU
	EndGlobalSection
	GlobalSection(ProjectConfigurationPlatforms) = postSolution
		{04ED75E2-7471-4F2F-AA2D-60EA26518AE3}.Debug|Any CPU.ActiveCfg = Debug|Any CPU
		{04ED75E2-7471-4F2F-AA2D-60EA26518AE3}.Debug|Any CPU.Build.0 = Debug|Any CPU
		{04ED75E2-7471-4F2F-AA2D-60EA26518AE3}.Release|Any CPU.ActiveCfg = Release|Any CPU
		{04ED75E2-7471-4F2F-AA2D-60EA26518AE3}.Release|Any CPU.Build.0 = Release|Any CPU
	EndGlobalSection
	GlobalSection(SolutionProperties) = preSolution
		HideSolutionNode = FALSE
	EndGlobalSection
	GlobalSection(ExtensibilityGlobals) = postSolution
		SolutionGuid = {5B65A971-2F0A-4867-B4AF-829B7F19BBF7}
	EndGlobalSection
EndGlobal
